
Microsoft Visual Studio Solution File, Format Version 12.00
# Visual Studio Version 16
VisualStudioVersion = 16.0.31205.134
MinimumVisualStudioVersion = 10.0.40219.1
Project("{9A19103F-16F7-4668-BE54-9A1E7A4F7556}") = "WPFASP", "WPFASP\WPFASP.csproj", "{5664FC30-B238-45DF-8096-0F6D415F70D3}"
EndProject
Project("{9A19103F-16F7-4668-BE54-9A1E7A4F7556}") = "BLL", "BLL\BLL.csproj", "{952B9474-E2EF-4C04-9796-BD83C090483A}"
EndProject
Project("{9A19103F-16F7-4668-BE54-9A1E7A4F7556}") = "IoC", "IoC\IoC.csproj", "{437248EF-8B9A-4993-BDAA-628F6D33FE9B}"
EndProject
Project("{9A19103F-16F7-4668-BE54-9A1E7A4F7556}") = "DI", "DI\DI.csproj", "{358990A0-ABC2-495C-B3DF-213D52F92F9C}"
EndProject
Project("{9A19103F-16F7-4668-BE54-9A1E7A4F7556}") = "Data", "Data\Data.csproj", "{89876E86-F003-4841-8C07-0F8C1757F86F}"
EndProject
Global
	GlobalSection(SolutionConfigurationPlatforms) = preSolution
		Debug|Any CPU = Debug|Any CPU
		Release|Any CPU = Release|Any CPU
	EndGlobalSection
	GlobalSection(ProjectConfigurationPlatforms) = postSolution
		{5664FC30-B238-45DF-8096-0F6D415F70D3}.Debug|Any CPU.ActiveCfg = Debug|Any CPU
		{5664FC30-B238-45DF-8096-0F6D415F70D3}.Debug|Any CPU.Build.0 = Debug|Any CPU
		{5664FC30-B238-45DF-8096-0F6D415F70D3}.Release|Any CPU.ActiveCfg = Release|Any CPU
		{5664FC30-B238-45DF-8096-0F6D415F70D3}.Release|Any CPU.Build.0 = Release|Any CPU
		{952B9474-E2EF-4C04-9796-BD83C090483A}.Debug|Any CPU.ActiveCfg = Debug|Any CPU
		{952B9474-E2EF-4C04-9796-BD83C090483A}.Debug|Any CPU.Build.0 = Debug|Any CPU
		{952B9474-E2EF-4C04-9796-BD83C090483A}.Release|Any CPU.ActiveCfg = Release|Any CPU
		{952B9474-E2EF-4C04-9796-BD83C090483A}.Release|Any CPU.Build.0 = Release|Any CPU
		{437248EF-8B9A-4993-BDAA-628F6D33FE9B}.Debug|Any CPU.ActiveCfg = Debug|Any CPU
		{437248EF-8B9A-4993-BDAA-628F6D33FE9B}.Debug|Any CPU.Build.0 = Debug|Any CPU
		{437248EF-8B9A-4993-BDAA-628F6D33FE9B}.Release|Any CPU.ActiveCfg = Release|Any CPU
		{437248EF-8B9A-4993-BDAA-628F6D33FE9B}.Release|Any CPU.Build.0 = Release|Any CPU
		{358990A0-ABC2-495C-B3DF-213D52F92F9C}.Debug|Any CPU.ActiveCfg = Debug|Any CPU
		{358990A0-ABC2-495C-B3DF-213D52F92F9C}.Debug|Any CPU.Build.0 = Debug|Any CPU
		{358990A0-ABC2-495C-B3DF-213D52F92F9C}.Release|Any CPU.ActiveCfg = Release|Any CPU
		{358990A0-ABC2-495C-B3DF-213D52F92F9C}.Release|Any CPU.Build.0 = Release|Any CPU
		{89876E86-F003-4841-8C07-0F8C1757F86F}.Debug|Any CPU.ActiveCfg = Debug|Any CPU
		{89876E86-F003-4841-8C07-0F8C1757F86F}.Debug|Any CPU.Build.0 = Debug|Any CPU
		{89876E86-F003-4841-8C07-0F8C1757F86F}.Release|Any CPU.ActiveCfg = Release|Any CPU
		{89876E86-F003-4841-8C07-0F8C1757F86F}.Release|Any CPU.Build.0 = Release|Any CPU
	EndGlobalSection
	GlobalSection(SolutionProperties) = preSolution
		HideSolutionNode = FALSE
	EndGlobalSection
	GlobalSection(ExtensibilityGlobals) = postSolution
		SolutionGuid = {C9198083-094F-456F-9AE8-BC7F2D6F5ACF}
	EndGlobalSection
EndGlobal
